
Microsoft Visual Studio Solution File, Format Version 12.00
# Visual Studio 15
VisualStudioVersion = 15.0.28010.2046
MinimumVisualStudioVersion = 10.0.40219.1
Project("{FAE04EC0-301F-11D3-BF4B-00C04F79EFBC}") = "MorseEncoder", "MorseEncoder\MorseEncoder.csproj", "{5B6915B3-644C-43A3-BECC-F498AF2AE723}"
EndProject
Global
	GlobalSection(SolutionConfigurationPlatforms) = preSolution
		Debug|Any CPU = Debug|Any CPU
		Release|Any CPU = Release|Any CPU
	EndGlobalSection
	GlobalSection(ProjectConfigurationPlatforms) = postSolution
		{5B6915B3-644C-43A3-BECC-F498AF2AE723}.Debug|Any CPU.ActiveCfg = Debug|Any CPU
		{5B6915B3-644C-43A3-BECC-F498AF2AE723}.Debug|Any CPU.Build.0 = Debug|Any CPU
		{5B6915B3-644C-43A3-BECC-F498AF2AE723}.Release|Any CPU.ActiveCfg = Release|Any CPU
		{5B6915B3-644C-43A3-BECC-F498AF2AE723}.Release|Any CPU.Build.0 = Release|Any CPU
	EndGlobalSection
	GlobalSection(SolutionProperties) = preSolution
		HideSolutionNode = FALSE
	EndGlobalSection
	GlobalSection(ExtensibilityGlobals) = postSolution
		SolutionGuid = {55ADB4CA-D274-4AA9-8BC7-1FB67EB3E5C7}
	EndGlobalSection
EndGlobal
